
Microsoft Visual Studio Solution File, Format Version 12.00
# Visual Studio 14
VisualStudioVersion = 14.0.25420.1
MinimumVisualStudioVersion = 10.0.40219.1
Project("{FAE04EC0-301F-11D3-BF4B-00C04F79EFBC}") = "Repo2.AcceptanceTests.Lib", "Repo2.AcceptanceTests.Lib\Repo2.AcceptanceTests.Lib.csproj", "{FB03CD17-850B-4C69-8A68-0524450D709B}"
EndProject
Project("{2150E333-8FDC-42A3-9474-1A3956D46DE8}") = "Solution Items", "Solution Items", "{24C67CA3-8D75-4BE9-AB92-2B5BEF48BB77}"
	ProjectSection(SolutionItems) = preProject
		README.md = README.md
	EndProjectSection
EndProject
Project("{FAE04EC0-301F-11D3-BF4B-00C04F79EFBC}") = "Repo2.Core.ns11", "Repo2.Core.ns11\Repo2.Core.ns11.csproj", "{100E7348-7231-4F9B-B3F1-E3188F6343CB}"
EndProject
Project("{FAE04EC0-301F-11D3-BF4B-00C04F79EFBC}") = "Repo2.Uploader.Lib45", "Repo2.Uploader.Lib45\Repo2.Uploader.Lib45.csproj", "{3F8B37E9-CCA1-45F6-81CF-7BD29ED0BB1F}"
EndProject
Project("{FAE04EC0-301F-11D3-BF4B-00C04F79EFBC}") = "Repo2.SDK.WPF45", "Repo2.SDK.WPF45\Repo2.SDK.WPF45.csproj", "{5BF836B0-618A-4C82-8318-0C1E8E3702B0}"
EndProject
Project("{FAE04EC0-301F-11D3-BF4B-00C04F79EFBC}") = "Repo2.UnitTests.Lib", "Repo2.UnitTests.Lib\Repo2.UnitTests.Lib.csproj", "{E6ADC37E-4D5D-4633-AAE5-1437572FC0BE}"
EndProject
Project("{FAE04EC0-301F-11D3-BF4B-00C04F79EFBC}") = "Repo2.Uploader.WPF45", "Repo2.Uploader.WPF45\Repo2.Uploader.WPF45.csproj", "{CD3A9DB6-E8F8-47B3-BF9E-9A65FC8DD3FB}"
EndProject
Project("{FAE04EC0-301F-11D3-BF4B-00C04F79EFBC}") = "Repo2.TestClient.WPF45", "Repo2.TestClient.WPF45\Repo2.TestClient.WPF45.csproj", "{2073BBEE-2CD8-43C0-ABD5-FAC1F2F3C6A9}"
EndProject
Project("{FAE04EC0-301F-11D3-BF4B-00C04F79EFBC}") = "Repo2.DnsUpdater.WPF", "Repo2.DnsUpdater.WPF\Repo2.DnsUpdater.WPF.csproj", "{9214BC16-4943-46E5-8748-AE3D3973AF6A}"
EndProject
Global
	GlobalSection(SolutionConfigurationPlatforms) = preSolution
		Debug|Any CPU = Debug|Any CPU
		Release|Any CPU = Release|Any CPU
	EndGlobalSection
	GlobalSection(ProjectConfigurationPlatforms) = postSolution
		{FB03CD17-850B-4C69-8A68-0524450D709B}.Debug|Any CPU.ActiveCfg = Debug|Any CPU
		{FB03CD17-850B-4C69-8A68-0524450D709B}.Debug|Any CPU.Build.0 = Debug|Any CPU
		{FB03CD17-850B-4C69-8A68-0524450D709B}.Release|Any CPU.ActiveCfg = Release|Any CPU
		{FB03CD17-850B-4C69-8A68-0524450D709B}.Release|Any CPU.Build.0 = Release|Any CPU
		{100E7348-7231-4F9B-B3F1-E3188F6343CB}.Debug|Any CPU.ActiveCfg = Debug|Any CPU
		{100E7348-7231-4F9B-B3F1-E3188F6343CB}.Debug|Any CPU.Build.0 = Debug|Any CPU
		{100E7348-7231-4F9B-B3F1-E3188F6343CB}.Release|Any CPU.ActiveCfg = Release|Any CPU
		{100E7348-7231-4F9B-B3F1-E3188F6343CB}.Release|Any CPU.Build.0 = Release|Any CPU
		{3F8B37E9-CCA1-45F6-81CF-7BD29ED0BB1F}.Debug|Any CPU.ActiveCfg = Debug|Any CPU
		{3F8B37E9-CCA1-45F6-81CF-7BD29ED0BB1F}.Debug|Any CPU.Build.0 = Debug|Any CPU
		{3F8B37E9-CCA1-45F6-81CF-7BD29ED0BB1F}.Release|Any CPU.ActiveCfg = Release|Any CPU
		{3F8B37E9-CCA1-45F6-81CF-7BD29ED0BB1F}.Release|Any CPU.Build.0 = Release|Any CPU
		{5BF836B0-618A-4C82-8318-0C1E8E3702B0}.Debug|Any CPU.ActiveCfg = Debug|Any CPU
		{5BF836B0-618A-4C82-8318-0C1E8E3702B0}.Debug|Any CPU.Build.0 = Debug|Any CPU
		{5BF836B0-618A-4C82-8318-0C1E8E3702B0}.Release|Any CPU.ActiveCfg = Release|Any CPU
		{5BF836B0-618A-4C82-8318-0C1E8E3702B0}.Release|Any CPU.Build.0 = Release|Any CPU
		{E6ADC37E-4D5D-4633-AAE5-1437572FC0BE}.Debug|Any CPU.ActiveCfg = Debug|Any CPU
		{E6ADC37E-4D5D-4633-AAE5-1437572FC0BE}.Debug|Any CPU.Build.0 = Debug|Any CPU
		{E6ADC37E-4D5D-4633-AAE5-1437572FC0BE}.Release|Any CPU.ActiveCfg = Release|Any CPU
		{E6ADC37E-4D5D-4633-AAE5-1437572FC0BE}.Release|Any CPU.Build.0 = Release|Any CPU
		{CD3A9DB6-E8F8-47B3-BF9E-9A65FC8DD3FB}.Debug|Any CPU.ActiveCfg = Debug|Any CPU
		{CD3A9DB6-E8F8-47B3-BF9E-9A65FC8DD3FB}.Debug|Any CPU.Build.0 = Debug|Any CPU
		{CD3A9DB6-E8F8-47B3-BF9E-9A65FC8DD3FB}.Release|Any CPU.ActiveCfg = Release|Any CPU
		{CD3A9DB6-E8F8-47B3-BF9E-9A65FC8DD3FB}.Release|Any CPU.Build.0 = Release|Any CPU
		{2073BBEE-2CD8-43C0-ABD5-FAC1F2F3C6A9}.Debug|Any CPU.ActiveCfg = Debug|Any CPU
		{2073BBEE-2CD8-43C0-ABD5-FAC1F2F3C6A9}.Debug|Any CPU.Build.0 = Debug|Any CPU
		{2073BBEE-2CD8-43C0-ABD5-FAC1F2F3C6A9}.Release|Any CPU.ActiveCfg = Release|Any CPU
		{2073BBEE-2CD8-43C0-ABD5-FAC1F2F3C6A9}.Release|Any CPU.Build.0 = Release|Any CPU
		{9214BC16-4943-46E5-8748-AE3D3973AF6A}.Debug|Any CPU.ActiveCfg = Debug|Any CPU
		{9214BC16-4943-46E5-8748-AE3D3973AF6A}.Debug|Any CPU.Build.0 = Debug|Any CPU
		{9214BC16-4943-46E5-8748-AE3D3973AF6A}.Release|Any CPU.ActiveCfg = Release|Any CPU
		{9214BC16-4943-46E5-8748-AE3D3973AF6A}.Release|Any CPU.Build.0 = Release|Any CPU
	EndGlobalSection
	GlobalSection(SolutionProperties) = preSolution
		HideSolutionNode = FALSE
	EndGlobalSection
EndGlobal
